
Microsoft Visual Studio Solution File, Format Version 12.00
# Visual Studio 15
VisualStudioVersion = 15.0.26730.16
MinimumVisualStudioVersion = 10.0.40219.1
Project("{FAE04EC0-301F-11D3-BF4B-00C04F79EFBC}") = "SampleAPI", "SampleAPI\SampleAPI.csproj", "{CED11F15-DBAE-49B1-8271-D7D55FC5B242}"
EndProject
Global
	GlobalSection(SolutionConfigurationPlatforms) = preSolution
		Debug|Any CPU = Debug|Any CPU
		Release|Any CPU = Release|Any CPU
	EndGlobalSection
	GlobalSection(ProjectConfigurationPlatforms) = postSolution
		{CED11F15-DBAE-49B1-8271-D7D55FC5B242}.Debug|Any CPU.ActiveCfg = Debug|Any CPU
		{CED11F15-DBAE-49B1-8271-D7D55FC5B242}.Debug|Any CPU.Build.0 = Debug|Any CPU
		{CED11F15-DBAE-49B1-8271-D7D55FC5B242}.Release|Any CPU.ActiveCfg = Release|Any CPU
		{CED11F15-DBAE-49B1-8271-D7D55FC5B242}.Release|Any CPU.Build.0 = Release|Any CPU
	EndGlobalSection
	GlobalSection(SolutionProperties) = preSolution
		HideSolutionNode = FALSE
	EndGlobalSection
	GlobalSection(ExtensibilityGlobals) = postSolution
		SolutionGuid = {CEB8115E-3A04-41A9-A6D3-D717162680C5}
	EndGlobalSection
EndGlobal
